
Microsoft Visual Studio Solution File, Format Version 12.00
# Visual Studio Version 17
VisualStudioVersion = 17.14.37301.10 d17.14
MinimumVisualStudioVersion = 10.0.40219.1
Project("{FAE04EC0-301F-11D3-BF4B-00C04F79EFBC}") = "SafeTunnel", "SafeTunnel.csproj", "{4642C252-7A88-4DC2-BE18-14C546FF919E}"
EndProject
Global
	GlobalSection(SolutionConfigurationPlatforms) = preSolution
		Debug|Any CPU = Debug|Any CPU
		Release|Any CPU = Release|Any CPU
	EndGlobalSection
	GlobalSection(ProjectConfigurationPlatforms) = postSolution
		{4642C252-7A88-4DC2-BE18-14C546FF919E}.Debug|Any CPU.ActiveCfg = Debug|Any CPU
		{4642C252-7A88-4DC2-BE18-14C546FF919E}.Debug|Any CPU.Build.0 = Debug|Any CPU
		{4642C252-7A88-4DC2-BE18-14C546FF919E}.Release|Any CPU.ActiveCfg = Release|Any CPU
		{4642C252-7A88-4DC2-BE18-14C546FF919E}.Release|Any CPU.Build.0 = Release|Any CPU
	EndGlobalSection
	GlobalSection(SolutionProperties) = preSolution
		HideSolutionNode = FALSE
	EndGlobalSection
	GlobalSection(ExtensibilityGlobals) = postSolution
		SolutionGuid = {BE4D47D7-1A7E-4241-9A20-CC0F3DEC4C3D}
	EndGlobalSection
EndGlobal
